
Microsoft Visual Studio Solution File, Format Version 12.00
# Visual Studio Version 17
VisualStudioVersion = 17.7.34024.191
MinimumVisualStudioVersion = 10.0.40219.1
Project("{9A19103F-16F7-4668-BE54-9A1E7A4F7556}") = "CatalogProduct", "CatalogProduct\CatalogProduct.csproj", "{E848EEF2-962E-4B69-8934-16F42E45440C}"
EndProject
Project("{FAE04EC0-301F-11D3-BF4B-00C04F79EFBC}") = "CatalogProductsTests", "CatalogProductsTests\CatalogProductsTests.csproj", "{24CE9A53-E236-4ED7-8F95-64693D5936FB}"
EndProject
Global
	GlobalSection(SolutionConfigurationPlatforms) = preSolution
		Debug|Any CPU = Debug|Any CPU
		Release|Any CPU = Release|Any CPU
	EndGlobalSection
	GlobalSection(ProjectConfigurationPlatforms) = postSolution
		{E848EEF2-962E-4B69-8934-16F42E45440C}.Debug|Any CPU.ActiveCfg = Debug|Any CPU
		{E848EEF2-962E-4B69-8934-16F42E45440C}.Debug|Any CPU.Build.0 = Debug|Any CPU
		{E848EEF2-962E-4B69-8934-16F42E45440C}.Release|Any CPU.ActiveCfg = Release|Any CPU
		{E848EEF2-962E-4B69-8934-16F42E45440C}.Release|Any CPU.Build.0 = Release|Any CPU
		{24CE9A53-E236-4ED7-8F95-64693D5936FB}.Debug|Any CPU.ActiveCfg = Debug|Any CPU
		{24CE9A53-E236-4ED7-8F95-64693D5936FB}.Debug|Any CPU.Build.0 = Debug|Any CPU
		{24CE9A53-E236-4ED7-8F95-64693D5936FB}.Release|Any CPU.ActiveCfg = Release|Any CPU
		{24CE9A53-E236-4ED7-8F95-64693D5936FB}.Release|Any CPU.Build.0 = Release|Any CPU
	EndGlobalSection
	GlobalSection(SolutionProperties) = preSolution
		HideSolutionNode = FALSE
	EndGlobalSection
	GlobalSection(ExtensibilityGlobals) = postSolution
		SolutionGuid = {A98BCBDF-0ECE-41BC-B9D2-4BF4B1EBA76B}
	EndGlobalSection
EndGlobal
